
Microsoft Visual Studio Solution File, Format Version 12.00
# Visual Studio Version 17
VisualStudioVersion = 17.13.35828.75 d17.13
MinimumVisualStudioVersion = 10.0.40219.1
Project("{54A90642-561A-4BB1-A94E-469ADEE60C69}") = "A2v10.SpreadSheet", "A2v10.SpreadSheet.esproj", "{F3B52146-3F33-EC46-F649-115EB4AFC447}"
EndProject
Global
	GlobalSection(SolutionConfigurationPlatforms) = preSolution
		Debug|Any CPU = Debug|Any CPU
		Release|Any CPU = Release|Any CPU
	EndGlobalSection
	GlobalSection(ProjectConfigurationPlatforms) = postSolution
		{F3B52146-3F33-EC46-F649-115EB4AFC447}.Debug|Any CPU.ActiveCfg = Debug|Any CPU
		{F3B52146-3F33-EC46-F649-115EB4AFC447}.Debug|Any CPU.Build.0 = Debug|Any CPU
		{F3B52146-3F33-EC46-F649-115EB4AFC447}.Debug|Any CPU.Deploy.0 = Debug|Any CPU
		{F3B52146-3F33-EC46-F649-115EB4AFC447}.Release|Any CPU.ActiveCfg = Release|Any CPU
		{F3B52146-3F33-EC46-F649-115EB4AFC447}.Release|Any CPU.Build.0 = Release|Any CPU
		{F3B52146-3F33-EC46-F649-115EB4AFC447}.Release|Any CPU.Deploy.0 = Release|Any CPU
	EndGlobalSection
	GlobalSection(SolutionProperties) = preSolution
		HideSolutionNode = FALSE
	EndGlobalSection
	GlobalSection(ExtensibilityGlobals) = postSolution
		SolutionGuid = {4E3BC36F-05A5-4BCB-B295-60A89EBCEE1D}
	EndGlobalSection
EndGlobal
